
Microsoft Visual Studio Solution File, Format Version 12.00
# Visual Studio Version 16
VisualStudioVersion = 16.0.29306.81
MinimumVisualStudioVersion = 10.0.40219.1
Project("{FAE04EC0-301F-11D3-BF4B-00C04F79EFBC}") = "HackPetition", "HackPetition.csproj", "{176C1C5A-4499-4C43-B0C9-65679A186143}"
EndProject
Global
	GlobalSection(SolutionConfigurationPlatforms) = preSolution
		Debug|Any CPU = Debug|Any CPU
		Release|Any CPU = Release|Any CPU
	EndGlobalSection
	GlobalSection(ProjectConfigurationPlatforms) = postSolution
		{176C1C5A-4499-4C43-B0C9-65679A186143}.Debug|Any CPU.ActiveCfg = Debug|Any CPU
		{176C1C5A-4499-4C43-B0C9-65679A186143}.Debug|Any CPU.Build.0 = Debug|Any CPU
		{176C1C5A-4499-4C43-B0C9-65679A186143}.Release|Any CPU.ActiveCfg = Release|Any CPU
		{176C1C5A-4499-4C43-B0C9-65679A186143}.Release|Any CPU.Build.0 = Release|Any CPU
	EndGlobalSection
	GlobalSection(SolutionProperties) = preSolution
		HideSolutionNode = FALSE
	EndGlobalSection
	GlobalSection(ExtensibilityGlobals) = postSolution
		SolutionGuid = {C572B73B-F27C-4221-9C6C-9D5D06DA89F6}
	EndGlobalSection
EndGlobal
